
Microsoft Visual Studio Solution File, Format Version 12.00
# Visual Studio Version 17
VisualStudioVersion = 17.5.33530.505
MinimumVisualStudioVersion = 10.0.40219.1
Project("{9A19103F-16F7-4668-BE54-9A1E7A4F7556}") = "ProjetoFinalApi", "MeuProjetoApi\ProjetoFinalApi.csproj", "{A6EA4F93-BE30-4CFB-A369-801FBE776755}"
EndProject
Global
	GlobalSection(SolutionConfigurationPlatforms) = preSolution
		Debug|Any CPU = Debug|Any CPU
		Release|Any CPU = Release|Any CPU
	EndGlobalSection
	GlobalSection(ProjectConfigurationPlatforms) = postSolution
		{A6EA4F93-BE30-4CFB-A369-801FBE776755}.Debug|Any CPU.ActiveCfg = Debug|Any CPU
		{A6EA4F93-BE30-4CFB-A369-801FBE776755}.Debug|Any CPU.Build.0 = Debug|Any CPU
		{A6EA4F93-BE30-4CFB-A369-801FBE776755}.Release|Any CPU.ActiveCfg = Release|Any CPU
		{A6EA4F93-BE30-4CFB-A369-801FBE776755}.Release|Any CPU.Build.0 = Release|Any CPU
	EndGlobalSection
	GlobalSection(SolutionProperties) = preSolution
		HideSolutionNode = FALSE
	EndGlobalSection
	GlobalSection(ExtensibilityGlobals) = postSolution
		SolutionGuid = {378AEEFB-5FEC-4BD5-B936-C9263866753E}
	EndGlobalSection
EndGlobal
